{
  "requires": true,
  "lockfileVersion": 1,
  "dependencies": {
    "i": {
      "version": "0.3.6",
      "resolved": "https://registry.npmjs.org/i/-/i-0.3.6.tgz",
      "integrity": "sha1-2WyScyB28HJxG2sQ/X1PZa2O4j0="
    },
    "uikit": {
      "version": "3.0.0-rc.14",
      "resolved": "https://registry.npmjs.org/uikit/-/uikit-3.0.0-rc.14.tgz",
      "integrity": "sha512-wCmqDjW4o9eld8wTmB/vYjiv1Yc9ZjEBuU0nv1Kp9qWkhPdP6M5mkzIiAx0RoT+fuDQqD+ZKYsvZYeiSLBlbFw=="
    }
  }
}
